// !$*UTF8*$!
{
	archiveVersion = 1;
	classes = {
	};
	objectVersion = 56;
	objects = {

/* Begin PBXBuildFile section */
		4B38643D29A7DE0E00F9CFB7 /* AppDelegate.swift in Sources */ = {isa = PBXBuildFile; fileRef = 4B38643C29A7DE0E00F9CFB7 /* AppDelegate.swift */; };
		4B38643F29A7DE0E00F9CFB7 /* SceneDelegate.swift in Sources */ = {isa = PBXBuildFile; fileRef = 4B38643E29A7DE0E00F9CFB7 /* SceneDelegate.swift */; };
		4B38644129A7DE0E00F9CFB7 /* ViewController.swift in Sources */ = {isa = PBXBuildFile; fileRef = 4B38644029A7DE0E00F9CFB7 /* ViewController.swift */; };
		4B38644429A7DE0E00F9CFB7 /* Main.storyboard in Resources */ = {isa = PBXBuildFile; fileRef = 4B38644229A7DE0E00F9CFB7 /* Main.storyboard */; };
		4B38644629A7DE0E00F9CFB7 /* Assets.xcassets in Resources */ = {isa = PBXBuildFile; fileRef = 4B38644529A7DE0E00F9CFB7 /* Assets.xcassets */; };
		4B38644929A7DE0E00F9CFB7 /* LaunchScreen.storyboard in Resources */ = {isa = PBXBuildFile; fileRef = 4B38644729A7DE0E00F9CFB7 /* LaunchScreen.storyboard */; };
		4B38645429A7DE0E00F9CFB7 /* CustomButtonTests.swift in Sources */ = {isa = PBXBuildFile; fileRef = 4B38645329A7DE0E00F9CFB7 /* CustomButtonTests.swift */; };
		4B38645E29A7DE0E00F9CFB7 /* CustomButtonUITests.swift in Sources */ = {isa = PBXBuildFile; fileRef = 4B38645D29A7DE0E00F9CFB7 /* CustomButtonUITests.swift */; };
		4B38646029A7DE0E00F9CFB7 /* CustomButtonUITestsLaunchTests.swift in Sources */ = {isa = PBXBuildFile; fileRef = 4B38645F29A7DE0E00F9CFB7 /* CustomButtonUITestsLaunchTests.swift */; };
		4B38646D29A7DE9D00F9CFB7 /* RotateButton.swift in Sources */ = {isa = PBXBuildFile; fileRef = 4B38646C29A7DE9D00F9CFB7 /* RotateButton.swift */; };
/* End PBXBuildFile section */

/* Begin PBXContainerItemProxy section */
		4B38645029A7DE0E00F9CFB7 /* PBXContainerItemProxy */ = {
			isa = PBXContainerItemProxy;
			containerPortal = 4B38643129A7DE0E00F9CFB7 /* Project object */;
			proxyType = 1;
			remoteGlobalIDString = 4B38643829A7DE0E00F9CFB7;
			remoteInfo = CustomButton;
		};
		4B38645A29A7DE0E00F9CFB7 /* PBXContainerItemProxy */ = {
			isa = PBXContainerItemProxy;
			containerPortal = 4B38643129A7DE0E00F9CFB7 /* Project object */;
			proxyType = 1;
			remoteGlobalIDString = 4B38643829A7DE0E00F9CFB7;
			remoteInfo = CustomButton;
		};
/* End PBXContainerItemProxy section */

/* Begin PBXFileReference section */
		4B38643929A7DE0E00F9CFB7 /* CustomButton.app */ = {isa = PBXFileReference; explicitFileType = wrapper.application; includeInIndex = 0; path = CustomButton.app; sourceTree = BUILT_PRODUCTS_DIR; };
		4B38643C29A7DE0E00F9CFB7 /* AppDelegate.swift */ = {isa = PBXFileReference; lastKnownFileType = sourcecode.swift; path = AppDelegate.swift; sourceTree = "<group>"; };
		4B38643E29A7DE0E00F9CFB7 /* SceneDelegate.swift */ = {isa = PBXFileReference; lastKnownFileType = sourcecode.swift; path = SceneDelegate.swift; sourceTree = "<group>"; };
		4B38644029A7DE0E00F9CFB7 /* ViewController.swift */ = {isa = PBXFileReference; lastKnownFileType = sourcecode.swift; path = ViewController.swift; sourceTree = "<group>"; };
		4B38644329A7DE0E00F9CFB7 /* Base */ = {isa = PBXFileReference; lastKnownFileType = file.storyboard; name = Base; path = Base.lproj/Main.storyboard; sourceTree = "<group>"; };
		4B38644529A7DE0E00F9CFB7 /* Assets.xcassets */ = {isa = PBXFileReference; lastKnownFileType = folder.assetcatalog; path = Assets.xcassets; sourceTree = "<group>"; };
		4B38644829A7DE0E00F9CFB7 /* Base */ = {isa = PBXFileReference; lastKnownFileType = file.storyboard; name = Base; path = Base.lproj/LaunchScreen.storyboard; sourceTree = "<group>"; };
		4B38644A29A7DE0E00F9CFB7 /* Info.plist */ = {isa = PBXFileReference; lastKnownFileType = text.plist.xml; path = Info.plist; sourceTree = "<group>"; };
		4B38644F29A7DE0E00F9CFB7 /* CustomButtonTests.xctest */ = {isa = PBXFileReference; explicitFileType = wrapper.cfbundle; includeInIndex = 0; path = CustomButtonTests.xctest; sourceTree = BUILT_PRODUCTS_DIR; };
		4B38645329A7DE0E00F9CFB7 /* CustomButtonTests.swift */ = {isa = PBXFileReference; lastKnownFileType = sourcecode.swift; path = CustomButtonTests.swift; sourceTree = "<group>"; };
		4B38645929A7DE0E00F9CFB7 /* CustomButtonUITests.xctest */ = {isa = PBXFileReference; explicitFileType = wrapper.cfbundle; includeInIndex = 0; path = CustomButtonUITests.xctest; sourceTree = BUILT_PRODUCTS_DIR; };
		4B38645D29A7DE0E00F9CFB7 /* CustomButtonUITests.swift */ = {isa = PBXFileReference; lastKnownFileType = sourcecode.swift; path = CustomButtonUITests.swift; sourceTree = "<group>"; };
		4B38645F29A7DE0E00F9CFB7 /* CustomButtonUITestsLaunchTests.swift */ = {isa = PBXFileReference; lastKnownFileType = sourcecode.swift; path = CustomButtonUITestsLaunchTests.swift; sourceTree = "<group>"; };
		4B38646C29A7DE9D00F9CFB7 /* RotateButton.swift */ = {isa = PBXFileReference; lastKnownFileType = sourcecode.swift; path = RotateButton.swift; sourceTree = "<group>"; };
/* End PBXFileReference section */

/* Begin PBXFrameworksBuildPhase section */
		4B38643629A7DE0E00F9CFB7 /* Frameworks */ = {
			isa = PBXFrameworksBuildPhase;
			buildActionMask = 2147483647;
			files = (
			);
			runOnlyForDeploymentPostprocessing = 0;
		};
		4B38644C29A7DE0E00F9CFB7 /* Frameworks */ = {
			isa = PBXFrameworksBuildPhase;
			buildActionMask = 2147483647;
			files = (
			);
			runOnlyForDeploymentPostprocessing = 0;
		};
		4B38645629A7DE0E00F9CFB7 /* Frameworks */ = {
			isa = PBXFrameworksBuildPhase;
			buildActionMask = 2147483647;
			files = (
			);
			runOnlyForDeploymentPostprocessing = 0;
		};
/* End PBXFrameworksBuildPhase section */

/* Begin PBXGroup section */
		4B38643029A7DE0E00F9CFB7 = {
			isa = PBXGroup;
			children = (
				4B38643B29A7DE0E00F9CFB7 /* CustomButton */,
				4B38645229A7DE0E00F9CFB7 /* CustomButtonTests */,
				4B38645C29A7DE0E00F9CFB7 /* CustomButtonUITests */,
				4B38643A29A7DE0E00F9CFB7 /* Products */,
			);
			sourceTree = "<group>";
		};
		4B38643A29A7DE0E00F9CFB7 /* Products */ = {
			isa = PBXGroup;
			children = (
				4B38643929A7DE0E00F9CFB7 /* CustomButton.app */,
				4B38644F29A7DE0E00F9CFB7 /* CustomButtonTests.xctest */,
				4B38645929A7DE0E00F9CFB7 /* CustomButtonUITests.xctest */,
			);
			name = Products;
			sourceTree = "<group>";
		};
		4B38643B29A7DE0E00F9CFB7 /* CustomButton */ = {
			isa = PBXGroup;
			children = (
				4B38643C29A7DE0E00F9CFB7 /* AppDelegate.swift */,
				4B38643E29A7DE0E00F9CFB7 /* SceneDelegate.swift */,
				4B38644029A7DE0E00F9CFB7 /* ViewController.swift */,
				4B38646C29A7DE9D00F9CFB7 /* RotateButton.swift */,
				4B38644229A7DE0E00F9CFB7 /* Main.storyboard */,
				4B38644529A7DE0E00F9CFB7 /* Assets.xcassets */,
				4B38644729A7DE0E00F9CFB7 /* LaunchScreen.storyboard */,
				4B38644A29A7DE0E00F9CFB7 /* Info.plist */,
			);
			path = CustomButton;
			sourceTree = "<group>";
		};
		4B38645229A7DE0E00F9CFB7 /* CustomButtonTests */ = {
			isa = PBXGroup;
			children = (
				4B38645329A7DE0E00F9CFB7 /* CustomButtonTests.swift */,
			);
			path = CustomButtonTests;
			sourceTree = "<group>";
		};
		4B38645C29A7DE0E00F9CFB7 /* CustomButtonUITests */ = {
			isa = PBXGroup;
			children = (
				4B38645D29A7DE0E00F9CFB7 /* CustomButtonUITests.swift */,
				4B38645F29A7DE0E00F9CFB7 /* CustomButtonUITestsLaunchTests.swift */,
			);
			path = CustomButtonUITests;
			sourceTree = "<group>";
		};
/* End PBXGroup section */

/* Begin PBXNativeTarget section */
		4B38643829A7DE0E00F9CFB7 /* CustomButton */ = {
			isa = PBXNativeTarget;
			buildConfigurationList = 4B38646329A7DE0E00F9CFB7 /* Build configuration list for PBXNativeTarget "CustomButton" */;
			buildPhases = (
				4B38643529A7DE0E00F9CFB7 /* Sources */,
				4B38643629A7DE0E00F9CFB7 /* Frameworks */,
				4B38643729A7DE0E00F9CFB7 /* Resources */,
			);
			buildRules = (
			);
			dependencies = (
			);
			name = CustomButton;
			productName = CustomButton;
			productReference = 4B38643929A7DE0E00F9CFB7 /* CustomButton.app */;
			productType = "com.apple.product-type.application";
		};
		4B38644E29A7DE0E00F9CFB7 /* CustomButtonTests */ = {
			isa = PBXNativeTarget;
			buildConfigurationList = 4B38646629A7DE0E00F9CFB7 /* Build configuration list for PBXNativeTarget "CustomButtonTests" */;
			buildPhases = (
				4B38644B29A7DE0E00F9CFB7 /* Sources */,
				4B38644C29A7DE0E00F9CFB7 /* Frameworks */,
				4B38644D29A7DE0E00F9CFB7 /* Resources */,
			);
			buildRules = (
			);
			dependencies = (
				4B38645129A7DE0E00F9CFB7 /* PBXTargetDependency */,
			);
			name = CustomButtonTests;
			productName = CustomButtonTests;
			productReference = 4B38644F29A7DE0E00F9CFB7 /* CustomButtonTests.xctest */;
			productType = "com.apple.product-type.bundle.unit-test";
		};
		4B38645829A7DE0E00F9CFB7 /* CustomButtonUITests */ = {
			isa = PBXNativeTarget;
			buildConfigurationList = 4B38646929A7DE0E00F9CFB7 /* Build configuration list for PBXNativeTarget "CustomButtonUITests" */;
			buildPhases = (
				4B38645529A7DE0E00F9CFB7 /* Sources */,
				4B38645629A7DE0E00F9CFB7 /* Frameworks */,
				4B38645729A7DE0E00F9CFB7 /* Resources */,
			);
			buildRules = (
			);
			dependencies = (
				4B38645B29A7DE0E00F9CFB7 /* PBXTargetDependency */,
			);
			name = CustomButtonUITests;
			productName = CustomButtonUITests;
			productReference = 4B38645929A7DE0E00F9CFB7 /* CustomButtonUITests.xctest */;
			productType = "com.apple.product-type.bundle.ui-testing";
		};
/* End PBXNativeTarget section */

/* Begin PBXProject section */
		4B38643129A7DE0E00F9CFB7 /* Project object */ = {
			isa = PBXProject;
			attributes = {
				BuildIndependentTargetsInParallel = 1;
				LastSwiftUpdateCheck = 1420;
				LastUpgradeCheck = 1420;
				TargetAttributes = {
					4B38643829A7DE0E00F9CFB7 = {
						CreatedOnToolsVersion = 14.2;
					};
					4B38644E29A7DE0E00F9CFB7 = {
						CreatedOnToolsVersion = 14.2;
						TestTargetID = 4B38643829A7DE0E00F9CFB7;
					};
					4B38645829A7DE0E00F9CFB7 = {
						CreatedOnToolsVersion = 14.2;
						TestTargetID = 4B38643829A7DE0E00F9CFB7;
					};
				};
			};
			buildConfigurationList = 4B38643429A7DE0E00F9CFB7 /* Build configuration list for PBXProject "CustomButton" */;
			compatibilityVersion = "Xcode 14.0";
			developmentRegion = en;
			hasScannedForEncodings = 0;
			knownRegions = (
				en,
				Base,
			);
			mainGroup = 4B38643029A7DE0E00F9CFB7;
			productRefGroup = 4B38643A29A7DE0E00F9CFB7 /* Products */;
			projectDirPath = "";
			projectRoot = "";
			targets = (
				4B38643829A7DE0E00F9CFB7 /* CustomButton */,
				4B38644E29A7DE0E00F9CFB7 /* CustomButtonTests */,
				4B38645829A7DE0E00F9CFB7 /* CustomButtonUITests */,
			);
		};
/* End PBXProject section */

/* Begin PBXResourcesBuildPhase section */
		4B38643729A7DE0E00F9CFB7 /* Resources */ = {
			isa = PBXResourcesBuildPhase;
			buildActionMask = 2147483647;
			files = (
				4B38644929A7DE0E00F9CFB7 /* LaunchScreen.storyboard in Resources */,
				4B38644629A7DE0E00F9CFB7 /* Assets.xcassets in Resources */,
				4B38644429A7DE0E00F9CFB7 /* Main.storyboard in Resources */,
			);
			runOnlyForDeploymentPostprocessing = 0;
		};
		4B38644D29A7DE0E00F9CFB7 /* Resources */ = {
			isa = PBXResourcesBuildPhase;
			buildActionMask = 2147483647;
			files = (
			);
			runOnlyForDeploymentPostprocessing = 0;
		};
		4B38645729A7DE0E00F9CFB7 /* Resources */ = {
			isa = PBXResourcesBuildPhase;
			buildActionMask = 2147483647;
			files = (
			);
			runOnlyForDeploymentPostprocessing = 0;
		};
/* End PBXResourcesBuildPhase section */

/* Begin PBXSourcesBuildPhase section */
		4B38643529A7DE0E00F9CFB7 /* Sources */ = {
			isa = PBXSourcesBuildPhase;
			buildActionMask = 2147483647;
			files = (
				4B38646D29A7DE9D00F9CFB7 /* RotateButton.swift in Sources */,
				4B38644129A7DE0E00F9CFB7 /* ViewController.swift in Sources */,
				4B38643D29A7DE0E00F9CFB7 /* AppDelegate.swift in Sources */,
				4B38643F29A7DE0E00F9CFB7 /* SceneDelegate.swift in Sources */,
			);
			runOnlyForDeploymentPostprocessing = 0;
		};
		4B38644B29A7DE0E00F9CFB7 /* Sources */ = {
			isa = PBXSourcesBuildPhase;
			buildActionMask = 2147483647;
			files = (
				4B38645429A7DE0E00F9CFB7 /* CustomButtonTests.swift in Sources */,
			);
			runOnlyForDeploymentPostprocessing = 0;
		};
		4B38645529A7DE0E00F9CFB7 /* Sources */ = {
			isa = PBXSourcesBuildPhase;
			buildActionMask = 2147483647;
			files = (
				4B38645E29A7DE0E00F9CFB7 /* CustomButtonUITests.swift in Sources */,
				4B38646029A7DE0E00F9CFB7 /* CustomButtonUITestsLaunchTests.swift in Sources */,
			);
			runOnlyForDeploymentPostprocessing = 0;
		};
/* End PBXSourcesBuildPhase section */

/* Begin PBXTargetDependency section */
		4B38645129A7DE0E00F9CFB7 /* PBXTargetDependency */ = {
			isa = PBXTargetDependency;
			target = 4B38643829A7DE0E00F9CFB7 /* CustomButton */;
			targetProxy = 4B38645029A7DE0E00F9CFB7 /* PBXContainerItemProxy */;
		};
		4B38645B29A7DE0E00F9CFB7 /* PBXTargetDependency */ = {
			isa = PBXTargetDependency;
			target = 4B38643829A7DE0E00F9CFB7 /* CustomButton */;
			targetProxy = 4B38645A29A7DE0E00F9CFB7 /* PBXContainerItemProxy */;
		};
/* End PBXTargetDependency section */

/* Begin PBXVariantGroup section */
		4B38644229A7DE0E00F9CFB7 /* Main.storyboard */ = {
			isa = PBXVariantGroup;
			children = (
				4B38644329A7DE0E00F9CFB7 /* Base */,
			);
			name = Main.storyboard;
			sourceTree = "<group>";
		};
		4B38644729A7DE0E00F9CFB7 /* LaunchScreen.storyboard */ = {
			isa = PBXVariantGroup;
			children = (
				4B38644829A7DE0E00F9CFB7 /* Base */,
			);
			name = LaunchScreen.storyboard;
			sourceTree = "<group>";
		};
/* End PBXVariantGroup section */

/* Begin XCBuildConfiguration section */
		4B38646129A7DE0E00F9CFB7 /* Debug */ = {
			isa = XCBuildConfiguration;
			buildSettings = {
				ALWAYS_SEARCH_USER_PATHS = NO;
				CLANG_ANALYZER_NONNULL = YES;
				CLANG_ANALYZER_NUMBER_OBJECT_CONVERSION = YES_AGGRESSIVE;
				CLANG_CXX_LANGUAGE_STANDARD = "gnu++20";
				CLANG_ENABLE_MODULES = YES;
				CLANG_ENABLE_OBJC_ARC = YES;
				CLANG_ENABLE_OBJC_WEAK = YES;
				CLANG_WARN_BLOCK_CAPTURE_AUTORELEASING = YES;
				CLANG_WARN_BOOL_CONVERSION = YES;
				CLANG_WARN_COMMA = YES;
				CLANG_WARN_CONSTANT_CONVERSION = YES;
				CLANG_WARN_DEPRECATED_OBJC_IMPLEMENTATIONS = YES;
				CLANG_WARN_DIRECT_OBJC_ISA_USAGE = YES_ERROR;
				CLANG_WARN_DOCUMENTATION_COMMENTS = YES;
				CLANG_WARN_EMPTY_BODY = YES;
				CLANG_WARN_ENUM_CONVERSION = YES;
				CLANG_WARN_INFINITE_RECURSION = YES;
				CLANG_WARN_INT_CONVERSION = YES;
				CLANG_WARN_NON_LITERAL_NULL_CONVERSION = YES;
				CLANG_WARN_OBJC_IMPLICIT_RETAIN_SELF = YES;
				CLANG_WARN_OBJC_LITERAL_CONVERSION = YES;
				CLANG_WARN_OBJC_ROOT_CLASS = YES_ERROR;
				CLANG_WARN_QUOTED_INCLUDE_IN_FRAMEWORK_HEADER = YES;
				CLANG_WARN_RANGE_LOOP_ANALYSIS = YES;
				CLANG_WARN_STRICT_PROTOTYPES = YES;
				CLANG_WARN_SUSPICIOUS_MOVE = YES;
				CLANG_WARN_UNGUARDED_AVAILABILITY = YES_AGGRESSIVE;
				CLANG_WARN_UNREACHABLE_CODE = YES;
				CLANG_WARN__DUPLICATE_METHOD_MATCH = YES;
				COPY_PHASE_STRIP = NO;
				DEBUG_INFORMATION_FORMAT = dwarf;
				ENABLE_STRICT_OBJC_MSGSEND = YES;
				ENABLE_TESTABILITY = YES;
				GCC_C_LANGUAGE_STANDARD = gnu11;
				GCC_DYNAMIC_NO_PIC = NO;
				GCC_NO_COMMON_BLOCKS = YES;
				GCC_OPTIMIZATION_LEVEL = 0;
				GCC_PREPROCESSOR_DEFINITIONS = (
					"DEBUG=1",
					"$(inherited)",
				);
				GCC_WARN_64_TO_32_BIT_CONVERSION = YES;
				GCC_WARN_ABOUT_RETURN_TYPE = YES_ERROR;
				GCC_WARN_UNDECLARED_SELECTOR = YES;
				GCC_WARN_UNINITIALIZED_AUTOS = YES_AGGRESSIVE;
				GCC_WARN_UNUSED_FUNCTION = YES;
				GCC_WARN_UNUSED_VARIABLE = YES;
				IPHONEOS_DEPLOYMENT_TARGET = 16.2;
				MTL_ENABLE_DEBUG_INFO = INCLUDE_SOURCE;
				MTL_FAST_MATH = YES;
				ONLY_ACTIVE_ARCH = YES;
				SDKROOT = iphoneos;
				SWIFT_ACTIVE_COMPILATION_CONDITIONS = DEBUG;
				SWIFT_OPTIMIZATION_LEVEL = "-Onone";
			};
			name = Debug;
		};
		4B38646229A7DE0E00F9CFB7 /* Release */ = {
			isa = XCBuildConfiguration;
			buildSettings = {
				ALWAYS_SEARCH_USER_PATHS = NO;
				CLANG_ANALYZER_NONNULL = YES;
				CLANG_ANALYZER_NUMBER_OBJECT_CONVERSION = YES_AGGRESSIVE;
				CLANG_CXX_LANGUAGE_STANDARD = "gnu++20";
				CLANG_ENABLE_MODULES = YES;
				CLANG_ENABLE_OBJC_ARC = YES;
				CLANG_ENABLE_OBJC_WEAK = YES;
				CLANG_WARN_BLOCK_CAPTURE_AUTORELEASING = YES;
				CLANG_WARN_BOOL_CONVERSION = YES;
				CLANG_WARN_COMMA = YES;
				CLANG_WARN_CONSTANT_CONVERSION = YES;
				CLANG_WARN_DEPRECATED_OBJC_IMPLEMENTATIONS = YES;
				CLANG_WARN_DIRECT_OBJC_ISA_USAGE = YES_ERROR;
				CLANG_WARN_DOCUMENTATION_COMMENTS = YES;
				CLANG_WARN_EMPTY_BODY = YES;
				CLANG_WARN_ENUM_CONVERSION = YES;
				CLANG_WARN_INFINITE_RECURSION = YES;
				CLANG_WARN_INT_CONVERSION = YES;
				CLANG_WARN_NON_LITERAL_NULL_CONVERSION = YES;
				CLANG_WARN_OBJC_IMPLICIT_RETAIN_SELF = YES;
				CLANG_WARN_OBJC_LITERAL_CONVERSION = YES;
				CLANG_WARN_OBJC_ROOT_CLASS = YES_ERROR;
				CLANG_WARN_QUOTED_INCLUDE_IN_FRAMEWORK_HEADER = YES;
				CLANG_WARN_RANGE_LOOP_ANALYSIS = YES;
				CLANG_WARN_STRICT_PROTOTYPES = YES;
				CLANG_WARN_SUSPICIOUS_MOVE = YES;
				CLANG_WARN_UNGUARDED_AVAILABILITY = YES_AGGRESSIVE;
				CLANG_WARN_UNREACHABLE_CODE = YES;
				CLANG_WARN__DUPLICATE_METHOD_MATCH = YES;
				COPY_PHASE_STRIP = NO;
				DEBUG_INFORMATION_FORMAT = "dwarf-with-dsym";
				ENABLE_NS_ASSERTIONS = NO;
				ENABLE_STRICT_OBJC_MSGSEND = YES;
				GCC_C_LANGUAGE_STANDARD = gnu11;
				GCC_NO_COMMON_BLOCKS = YES;
				GCC_WARN_64_TO_32_BIT_CONVERSION = YES;
				GCC_WARN_ABOUT_RETURN_TYPE = YES_ERROR;
				GCC_WARN_UNDECLARED_SELECTOR = YES;
				GCC_WARN_UNINITIALIZED_AUTOS = YES_AGGRESSIVE;
				GCC_WARN_UNUSED_FUNCTION = YES;
				GCC_WARN_UNUSED_VARIABLE = YES;
				IPHONEOS_DEPLOYMENT_TARGET = 16.2;
				MTL_ENABLE_DEBUG_INFO = NO;
				MTL_FAST_MATH = YES;
				SDKROOT = iphoneos;
				SWIFT_COMPILATION_MODE = wholemodule;
				SWIFT_OPTIMIZATION_LEVEL = "-O";
				VALIDATE_PRODUCT = YES;
			};
			name = Release;
		};
		4B38646429A7DE0E00F9CFB7 /* Debug */ = {
			isa = XCBuildConfiguration;
			buildSettings = {
				ASSETCATALOG_COMPILER_APPICON_NAME = AppIcon;
				ASSETCATALOG_COMPILER_GLOBAL_ACCENT_COLOR_NAME = AccentColor;
				CODE_SIGN_STYLE = Automatic;
				CURRENT_PROJECT_VERSION = 1;
				GENERATE_INFOPLIST_FILE = YES;
				INFOPLIST_FILE = CustomButton/Info.plist;
				INFOPLIST_KEY_UIApplicationSupportsIndirectInputEvents = YES;
				INFOPLIST_KEY_UILaunchStoryboardName = LaunchScreen;
				INFOPLIST_KEY_UIMainStoryboardFile = Main;
				INFOPLIST_KEY_UISupportedInterfaceOrientations_iPad = "UIInterfaceOrientationPortrait UIInterfaceOrientationPortraitUpsideDown UIInterfaceOrientationLandscapeLeft UIInterfaceOrientationLandscapeRight";
				INFOPLIST_KEY_UISupportedInterfaceOrientations_iPhone = "UIInterfaceOrientationPortrait UIInterfaceOrientationLandscapeLeft UIInterfaceOrientationLandscapeRight";
				LD_RUNPATH_SEARCH_PATHS = (
					"$(inherited)",
					"@executable_path/Frameworks",
				);
				MARKETING_VERSION = 1.0;
				PRODUCT_BUNDLE_IDENTIFIER = "Daejeon-University.CustomButton";
				PRODUCT_NAME = "$(TARGET_NAME)";
				SWIFT_EMIT_LOC_STRINGS = YES;
				SWIFT_VERSION = 5.0;
				TARGETED_DEVICE_FAMILY = "1,2";
			};
			name = Debug;
		};
		4B38646529A7DE0E00F9CFB7 /* Release */ = {
			isa = XCBuildConfiguration;
			buildSettings = {
				ASSETCATALOG_COMPILER_APPICON_NAME = AppIcon;
				ASSETCATALOG_COMPILER_GLOBAL_ACCENT_COLOR_NAME = AccentColor;
				CODE_SIGN_STYLE = Automatic;
				CURRENT_PROJECT_VERSION = 1;
				GENERATE_INFOPLIST_FILE = YES;
				INFOPLIST_FILE = CustomButton/Info.plist;
				INFOPLIST_KEY_UIApplicationSupportsIndirectInputEvents = YES;
				INFOPLIST_KEY_UILaunchStoryboardName = LaunchScreen;
				INFOPLIST_KEY_UIMainStoryboardFile = Main;
				INFOPLIST_KEY_UISupportedInterfaceOrientations_iPad = "UIInterfaceOrientationPortrait UIInterfaceOrientationPortraitUpsideDown UIInterfaceOrientationLandscapeLeft UIInterfaceOrientationLandscapeRight";
				INFOPLIST_KEY_UISupportedInterfaceOrientations_iPhone = "UIInterfaceOrientationPortrait UIInterfaceOrientationLandscapeLeft UIInterfaceOrientationLandscapeRight";
				LD_RUNPATH_SEARCH_PATHS = (
					"$(inherited)",
					"@executable_path/Frameworks",
				);
				MARKETING_VERSION = 1.0;
				PRODUCT_BUNDLE_IDENTIFIER = "Daejeon-University.CustomButton";
				PRODUCT_NAME = "$(TARGET_NAME)";
				SWIFT_EMIT_LOC_STRINGS = YES;
				SWIFT_VERSION = 5.0;
				TARGETED_DEVICE_FAMILY = "1,2";
			};
			name = Release;
		};
		4B38646729A7DE0E00F9CFB7 /* Debug */ = {
			isa = XCBuildConfiguration;
			buildSettings = {
				ALWAYS_EMBED_SWIFT_STANDARD_LIBRARIES = YES;
				BUNDLE_LOADER = "$(TEST_HOST)";
				CODE_SIGN_STYLE = Automatic;
				CURRENT_PROJECT_VERSION = 1;
				GENERATE_INFOPLIST_FILE = YES;
				IPHONEOS_DEPLOYMENT_TARGET = 16.2;
				MARKETING_VERSION = 1.0;
				PRODUCT_BUNDLE_IDENTIFIER = "Daejeon-University.CustomButtonTests";
				PRODUCT_NAME = "$(TARGET_NAME)";
				SWIFT_EMIT_LOC_STRINGS = NO;
				SWIFT_VERSION = 5.0;
				TARGETED_DEVICE_FAMILY = "1,2";
				TEST_HOST = "$(BUILT_PRODUCTS_DIR)/CustomButton.app/$(BUNDLE_EXECUTABLE_FOLDER_PATH)/CustomButton";
			};
			name = Debug;
		};
		4B38646829A7DE0E00F9CFB7 /* Release */ = {
			isa = XCBuildConfiguration;
			buildSettings = {
				ALWAYS_EMBED_SWIFT_STANDARD_LIBRARIES = YES;
				BUNDLE_LOADER = "$(TEST_HOST)";
				CODE_SIGN_STYLE = Automatic;
				CURRENT_PROJECT_VERSION = 1;
				GENERATE_INFOPLIST_FILE = YES;
				IPHONEOS_DEPLOYMENT_TARGET = 16.2;
				MARKETING_VERSION = 1.0;
				PRODUCT_BUNDLE_IDENTIFIER = "Daejeon-University.CustomButtonTests";
				PRODUCT_NAME = "$(TARGET_NAME)";
				SWIFT_EMIT_LOC_STRINGS = NO;
				SWIFT_VERSION = 5.0;
				TARGETED_DEVICE_FAMILY = "1,2";
				TEST_HOST = "$(BUILT_PRODUCTS_DIR)/CustomButton.app/$(BUNDLE_EXECUTABLE_FOLDER_PATH)/CustomButton";
			};
			name = Release;
		};
		4B38646A29A7DE0E00F9CFB7 /* Debug */ = {
			isa = XCBuildConfiguration;
			buildSettings = {
				ALWAYS_EMBED_SWIFT_STANDARD_LIBRARIES = YES;
				CODE_SIGN_STYLE = Automatic;
				CURRENT_PROJECT_VERSION = 1;
				GENERATE_INFOPLIST_FILE = YES;
				MARKETING_VERSION = 1.0;
				PRODUCT_BUNDLE_IDENTIFIER = "Daejeon-University.CustomButtonUITests";
				PRODUCT_NAME = "$(TARGET_NAME)";
				SWIFT_EMIT_LOC_STRINGS = NO;
				SWIFT_VERSION = 5.0;
				TARGETED_DEVICE_FAMILY = "1,2";
				TEST_TARGET_NAME = CustomButton;
			};
			name = Debug;
		};
		4B38646B29A7DE0E00F9CFB7 /* Release */ = {
			isa = XCBuildConfiguration;
			buildSettings = {
				ALWAYS_EMBED_SWIFT_STANDARD_LIBRARIES = YES;
				CODE_SIGN_STYLE = Automatic;
				CURRENT_PROJECT_VERSION = 1;
				GENERATE_INFOPLIST_FILE = YES;
				MARKETING_VERSION = 1.0;
				PRODUCT_BUNDLE_IDENTIFIER = "Daejeon-University.CustomButtonUITests";
				PRODUCT_NAME = "$(TARGET_NAME)";
				SWIFT_EMIT_LOC_STRINGS = NO;
				SWIFT_VERSION = 5.0;
				TARGETED_DEVICE_FAMILY = "1,2";
				TEST_TARGET_NAME = CustomButton;
			};
			name = Release;
		};
/* End XCBuildConfiguration section */

/* Begin XCConfigurationList section */
		4B38643429A7DE0E00F9CFB7 /* Build configuration list for PBXProject "CustomButton" */ = {
			isa = XCConfigurationList;
			buildConfigurations = (
				4B38646129A7DE0E00F9CFB7 /* Debug */,
				4B38646229A7DE0E00F9CFB7 /* Release */,
			);
			defaultConfigurationIsVisible = 0;
			defaultConfigurationName = Release;
		};
		4B38646329A7DE0E00F9CFB7 /* Build configuration list for PBXNativeTarget "CustomButton" */ = {
			isa = XCConfigurationList;
			buildConfigurations = (
				4B38646429A7DE0E00F9CFB7 /* Debug */,
				4B38646529A7DE0E00F9CFB7 /* Release */,
			);
			defaultConfigurationIsVisible = 0;
			defaultConfigurationName = Release;
		};
		4B38646629A7DE0E00F9CFB7 /* Build configuration list for PBXNativeTarget "CustomButtonTests" */ = {
			isa = XCConfigurationList;
			buildConfigurations = (
				4B38646729A7DE0E00F9CFB7 /* Debug */,
				4B38646829A7DE0E00F9CFB7 /* Release */,
			);
			defaultConfigurationIsVisible = 0;
			defaultConfigurationName = Release;
		};
		4B38646929A7DE0E00F9CFB7 /* Build configuration list for PBXNativeTarget "CustomButtonUITests" */ = {
			isa = XCConfigurationList;
			buildConfigurations = (
				4B38646A29A7DE0E00F9CFB7 /* Debug */,
				4B38646B29A7DE0E00F9CFB7 /* Release */,
			);
			defaultConfigurationIsVisible = 0;
			defaultConfigurationName = Release;
		};
/* End XCConfigurationList section */
	};
	rootObject = 4B38643129A7DE0E00F9CFB7 /* Project object */;
}
